<Solution>
  <Configurations>
    <Platform Name="x64" />
    <Platform Name="x86" />
  </Configurations>
  <Project Path="ClientConsole/ClientConsole/ClientConsole.vcxproj" Id="a61b2983-4e40-4172-a84a-eafc37df0996">
    <Platform Project="x64" />
  </Project>
  <Project Path="TestsProject/TestsProject.vcxproj" Id="6dc20aaf-8b5d-420e-8791-69b39bbab792" />
  <Project Path="TheGame/TheGame.vcxproj" Id="311edc82-582d-4400-b599-f57bb6fd0e6c" />
</Solution>
