<Solution>
  <Configurations>
    <Platform Name="x64" />
    <Platform Name="x86" />
  </Configurations>
  <Project Path="TestsProject/TestsProject.vcxproj" Id="80223adb-95ed-4f85-8017-cd9090e0c37c" />
  <Project Path="TheGame/TheGame.vcxproj">
    <Platform Project="x64" />
  </Project>
</Solution>
